
Microsoft Visual Studio Solution File, Format Version 12.00
# Visual Studio Version 17
VisualStudioVersion = 17.5.002.0
MinimumVisualStudioVersion = 10.0.40219.1
Project("{9A19103F-16F7-4668-BE54-9A1E7A4F7556}") = "aspnet", "aspnet.csproj", "{DB090B23-5072-47DC-9CF9-4368EC516FDE}"
EndProject
Global
	GlobalSection(SolutionConfigurationPlatforms) = preSolution
		Debug|Any CPU = Debug|Any CPU
		Release|Any CPU = Release|Any CPU
	EndGlobalSection
	GlobalSection(ProjectConfigurationPlatforms) = postSolution
		{DB090B23-5072-47DC-9CF9-4368EC516FDE}.Debug|Any CPU.ActiveCfg = Debug|Any CPU
		{DB090B23-5072-47DC-9CF9-4368EC516FDE}.Debug|Any CPU.Build.0 = Debug|Any CPU
		{DB090B23-5072-47DC-9CF9-4368EC516FDE}.Release|Any CPU.ActiveCfg = Release|Any CPU
		{DB090B23-5072-47DC-9CF9-4368EC516FDE}.Release|Any CPU.Build.0 = Release|Any CPU
	EndGlobalSection
	GlobalSection(SolutionProperties) = preSolution
		HideSolutionNode = FALSE
	EndGlobalSection
	GlobalSection(ExtensibilityGlobals) = postSolution
		SolutionGuid = {4FB37370-8B0A-4E04-AD72-1FDFDF35D231}
	EndGlobalSection
EndGlobal
